
Microsoft Visual Studio Solution File, Format Version 12.00
# Visual Studio Version 17
VisualStudioVersion = 17.5.002.0
MinimumVisualStudioVersion = 10.0.40219.1
Project("{9A19103F-16F7-4668-BE54-9A1E7A4F7556}") = "tl1-tp8-2024-MaximoCN", "tl1-tp8-2024-MaximoCN.csproj", "{1B5B3D8A-CFFD-4838-8D02-92E8EB02B02D}"
EndProject
Global
	GlobalSection(SolutionConfigurationPlatforms) = preSolution
		Debug|Any CPU = Debug|Any CPU
		Release|Any CPU = Release|Any CPU
	EndGlobalSection
	GlobalSection(ProjectConfigurationPlatforms) = postSolution
		{1B5B3D8A-CFFD-4838-8D02-92E8EB02B02D}.Debug|Any CPU.ActiveCfg = Debug|Any CPU
		{1B5B3D8A-CFFD-4838-8D02-92E8EB02B02D}.Debug|Any CPU.Build.0 = Debug|Any CPU
		{1B5B3D8A-CFFD-4838-8D02-92E8EB02B02D}.Release|Any CPU.ActiveCfg = Release|Any CPU
		{1B5B3D8A-CFFD-4838-8D02-92E8EB02B02D}.Release|Any CPU.Build.0 = Release|Any CPU
	EndGlobalSection
	GlobalSection(SolutionProperties) = preSolution
		HideSolutionNode = FALSE
	EndGlobalSection
	GlobalSection(ExtensibilityGlobals) = postSolution
		SolutionGuid = {2904F62C-9C30-4D5B-8FC6-E55425F13967}
	EndGlobalSection
EndGlobal
